<?xml version="1.0" encoding="utf-8"?>
<Project ToolsVersion="4.0" xmlns="http://schemas.microsoft.com/developer/msbuild/2003">
  <ItemGroup>
    <Filter Include="Resource Files">
      <UniqueIdentifier>{67DA6AB6-F800-4c08-8B7A-83BB121AAD01}</UniqueIdentifier>
      <Extensions>rc;ico;cur;bmp;dlg;rc2;rct;bin;rgs;gif;jpg;jpeg;jpe;resx;tiff;tif;png;wav;mfcribbon-ms</Extensions>
    </Filter>
    <Filter Include="Code">
      <UniqueIdentifier>{c2ccbb94-b23f-4b37-94f4-56bae2be0128}</UniqueIdentifier>
    </Filter>
    <Filter Include="images">
      <UniqueIdentifier>{115a0548-191e-4f7c-bd01-95f6c7de7afe}</UniqueIdentifier>
    </Filter>
  </ItemGroup>
  <ItemGroup>
    <ClInclude Include="targetver.h">
      <Filter>Code</Filter>
    </ClInclude>
    <ClInclude Include="common\WinMain.h">
      <Filter>Code</Filter>
    </ClInclude>
    <ClInclude Include="game\IGame.h" />
    <ClInclude Include="engine\public\IBase.h" />
    <ClInclude Include="engine\public\IInterfaces.h" />
    <ClInclude Include="common\abstract\includes\Includes.h" />
    <ClInclude Include="engine\public\systems\settings\ISettings.h" />
    <ClInclude Include="common\abstract\includes\math\IncludesMath.h" />
    <ClInclude Include="common\abstract\includes\utils\IncludesUtils.h" />
    <ClInclude Include="common\math\Math.h" />
    <ClInclude Include="common\math\Math3D.h" />
    <ClInclude Include="common\math\misc\Color.h" />
    <ClInclude Include="common\math\misc\Vector.h" />
    <ClInclude Include="common\utils\Utils.h" />
    <ClInclude Include="engine\tiers\tier3\Tier3.h" />
    <ClInclude Include="engine\tiers\tier2\Tier2.h" />
    <ClInclude Include="engine\tiers\tier1\Tier1.h" />
    <ClInclude Include="engine\tiers\tier0\Tier0.h" />
    <ClInclude Include="engine\public\systems\rendering\IRendering.h" />
    <ClInclude Include="engine\public\systems\rendering\IWicked.h" />
    <ClInclude Include="common\abstract\includes\stdafx.h">
      <Filter>Code</Filter>
    </ClInclude>
    <ClInclude Include="engine\public\interfaces\panel\HFont.h" />
    <ClInclude Include="engine\public\interfaces\world\IWorld.h" />
    <ClInclude Include="engine\entities\object\IObject.h" />
    <ClInclude Include="engine\entities\sound\ISound.h" />
    <ClInclude Include="engine\entities\camera\ICamera.h" />
    <ClInclude Include="engine\public\interfaces\debug\debugcamera\IDebugCamera.h" />
    <ClInclude Include="game\gui\loadingscreen\ILoading.h" />
    <ClInclude Include="engine\public\systems\filesystem\filesystem\IFileSystem.h" />
    <ClInclude Include="engine\public\systems\filesystem\HObject.h" />
    <ClInclude Include="engine\public\interfaces\debug\debugdisplay\IDebugDisplay.h" />
    <ClInclude Include="engine\public\interfaces\console\console\IConsole.h" />
    <ClInclude Include="engine\public\interfaces\console\HCvar.h" />
    <ClInclude Include="engine\public\interfaces\panel\widget\IWidget.h" />
    <ClInclude Include="engine\public\interfaces\panel\widget\imagewidget\IImageWidget.h" />
    <ClInclude Include="engine\public\interfaces\panel\widget\textwidget\ITextWidget.h" />
    <ClInclude Include="engine\public\interfaces\panel\widget\gradientwidget\IGradientWidget.h" />
    <ClInclude Include="engine\public\interfaces\panel\widget\editfieldwidget\IEditField.h" />
    <ClInclude Include="engine\entities\object\physics\IPhysics.h" />
    <ClInclude Include="common\abstract\includes\bullet\IncludesBullet.h" />
    <ClInclude Include="engine\entities\object\physics\vehicles\helicopter\IHelicopter.h" />
    <ClInclude Include="engine\public\systems\vr\IVR.h" />
  </ItemGroup>
  <ItemGroup>
    <ClCompile Include="common\WinMain.cpp">
      <Filter>Code</Filter>
    </ClCompile>
    <ClCompile Include="game\IGame.cpp" />
    <ClCompile Include="engine\public\IBase.cpp" />
    <ClCompile Include="engine\public\IInterfaces.cpp" />
    <ClCompile Include="engine\public\systems\settings\ISettings.cpp" />
    <ClCompile Include="common\math\Math.cpp" />
    <ClCompile Include="common\math\Math3D.cpp" />
    <ClCompile Include="common\math\misc\Color.cpp" />
    <ClCompile Include="common\math\misc\Vector.cpp" />
    <ClCompile Include="common\utils\Utils.cpp" />
    <ClCompile Include="engine\tiers\tier3\Tier3.cpp" />
    <ClCompile Include="engine\tiers\tier2\Tier2.cpp" />
    <ClCompile Include="engine\tiers\tier1\Tier1.cpp" />
    <ClCompile Include="engine\tiers\tier0\Tier0.cpp" />
    <ClCompile Include="engine\public\systems\rendering\IRendering.cpp" />
    <ClCompile Include="engine\public\systems\rendering\IWicked.cpp" />
    <ClCompile Include="common\abstract\includes\stdafx.cpp">
      <Filter>Code</Filter>
    </ClCompile>
    <ClCompile Include="engine\public\interfaces\panel\HFont.cpp" />
    <ClCompile Include="engine\public\interfaces\world\IWorld.cpp" />
    <ClCompile Include="engine\entities\object\IObject.cpp" />
    <ClCompile Include="engine\entities\sound\ISound.cpp" />
    <ClCompile Include="engine\entities\camera\ICamera.cpp" />
    <ClCompile Include="engine\public\interfaces\debug\debugcamera\IDebugCamera.cpp" />
    <ClCompile Include="game\gui\loadingscreen\ILoading.cpp" />
    <ClCompile Include="engine\public\systems\filesystem\filesystem\IFileSystem.cpp" />
    <ClCompile Include="engine\public\systems\filesystem\HObject.cpp" />
    <ClCompile Include="engine\public\interfaces\debug\debugdisplay\IDebugDisplay.cpp" />
    <ClCompile Include="engine\public\interfaces\console\console\IConsole.cpp" />
    <ClCompile Include="engine\public\interfaces\console\HCvar.cpp" />
    <ClCompile Include="engine\public\interfaces\panel\widget\IWidget.cpp" />
    <ClCompile Include="engine\public\interfaces\panel\widget\imagewidget\IImageWidget.cpp" />
    <ClCompile Include="engine\public\interfaces\panel\widget\textwidget\ITextWidget.cpp" />
    <ClCompile Include="engine\public\interfaces\panel\widget\gradientwidget\IGradientWidget.cpp" />
    <ClCompile Include="engine\public\interfaces\panel\widget\editfieldwidget\IEditField.cpp" />
    <ClCompile Include="engine\entities\object\physics\IPhysics.cpp" />
    <ClCompile Include="engine\entities\object\physics\vehicles\helicopter\IHelicopter.cpp" />
    <ClCompile Include="engine\public\systems\vr\IVR.cpp" />
  </ItemGroup>
  <ItemGroup>
    <None Include="packages.config" />
  </ItemGroup>
</Project>